{
  "name": "frontend",
  "version": "0.1.0",
  "lockfileVersion": 3,
  "requires": true,
  "packages": {
    "": {
      "name": "frontend",
      "version": "0.1.0",
      "dependencies": {
        "@radix-ui/react-navigation-menu": "^1.2.14",
        "@radix-ui/react-slot": "^1.2.0",
        "axios": "^1.9.0",
        "class-variance-authority": "^0.7.1",
        "clsx": "^2.1.1",
        "framer-motion": "^12.9.1",
        "jwt-decode": "^4.0.0",
        "lucide-react": "^0.503.0",
        "next": "15.3.1",
        "react": "^19.1.0",
        "react-dom": "^19.1.0",
        "sonner": "^2.0.3",
        "tailwind-merge": "^3.2.0"
      },
      "devDependencies": {
        "@tailwindcss/postcss": "^4",
        "@types/node": "^20",
        "@types/react": "^19",
        "@types/react-dom": "^19",
        "tailwindcss": "^4",
        "tw-animate-css": "^1.2.8",
        "typescript": "^5"
      }
    },
    "node_modules/@alloc/quick-lru": {
      "version": "5.2.0",
      "dev": true,
      "license": "MIT",
      "engines": {
        "node": ">=10"
      },
      "funding": {
        "url": "https://github.com/sponsors/sindresorhus"
      }
    },
    "node_modules/@img/sharp-darwin-arm64": {
      "version": "0.34.1",
      "cpu": [
        "arm64"
      ],
      "license": "Apache-2.0",
      "optional": true,
      "os": [
        "darwin"
      ],
      "engines": {
        "node": "^18.17.0 || ^20.3.0 || >=21.0.0"
      },
      "funding": {
        "url": "https://opencollective.com/libvips"
      },
      "optionalDependencies": {
        "@img/sharp-libvips-darwin-arm64": "1.1.0"
      }
    },
    "node_modules/@img/sharp-libvips-darwin-arm64": {
      "version": "1.1.0",
      "cpu": [
        "arm64"
      ],
      "license": "LGPL-3.0-or-later",
      "optional": true,
      "os": [
        "darwin"
      ],
      "funding": {
        "url": "https://opencollective.com/libvips"
      }
    },
    "node_modules/@next/env": {
      "version": "15.3.1",
      "license": "MIT"
    },
    "node_modules/@next/swc-darwin-arm64": {
      "version": "15.3.1",
      "cpu": [
        "arm64"
      ],
      "license": "MIT",
      "optional": true,
      "os": [
        "darwin"
      ],
      "engines": {
        "node": ">= 10"
      }
    },
    "node_modules/@radix-ui/primitive": {
      "version": "1.1.3",
      "resolved": "https://registry.npmjs.org/@radix-ui/primitive/-/primitive-1.1.3.tgz",
      "integrity": "sha512-JTF99U/6XIjCBo0wqkU5sK10glYe27MRRsfwoiq5zzOEZLHU3A3KCMa5X/azekYRCJ0HlwI0crAXS/5dEHTzDg==",
      "license": "MIT"
    },
    "node_modules/@radix-ui/react-collection": {
      "version": "1.1.7",
      "resolved": "https://registry.npmjs.org/@radix-ui/react-collection/-/react-collection-1.1.7.tgz",
      "integrity": "sha512-Fh9rGN0MoI4ZFUNyfFVNU4y9LUz93u9/0K+yLgA2bwRojxM8JU1DyvvMBabnZPBgMWREAJvU2jjVzq+LrFUglw==",
      "license": "MIT",
      "dependencies": {
        "@radix-ui/react-compose-refs": "1.1.2",
        "@radix-ui/react-context": "1.1.2",
        "@radix-ui/react-primitive": "2.1.3",
        "@radix-ui/react-slot": "1.2.3"
      },
      "peerDependencies": {
        "@types/react": "*",
        "@types/react-dom": "*",
        "react": "^16.8 || ^17.0 || ^18.0 || ^19.0 || ^19.0.0-rc",
        "react-dom": "^16.8 || ^17.0 || ^18.0 || ^19.0 || ^19.0.0-rc"
      },
      "peerDependenciesMeta": {
        "@types/react": {
          "optional": true
        },
        "@types/react-dom": {
          "optional": true
        }
      }
    },
    "node_modules/@radix-ui/react-compose-refs": {
      "version": "1.1.2",
      "license": "MIT",
      "peerDependencies": {
        "@types/react": "*",
        "react": "^16.8 || ^17.0 || ^18.0 || ^19.0 || ^19.0.0-rc"
      },
      "peerDependenciesMeta": {
        "@types/react": {
          "optional": true
        }
      }
    },
    "node_modules/@radix-ui/react-context": {
      "version": "1.1.2",
      "resolved": "https://registry.npmjs.org/@radix-ui/react-context/-/react-context-1.1.2.tgz",
      "integrity": "sha512-jCi/QKUM2r1Ju5a3J64TH2A5SpKAgh0LpknyqdQ4m6DCV0xJ2HG1xARRwNGPQfi1SLdLWZ1OJz6F4OMBBNiGJA==",
      "license": "MIT",
      "peerDependencies": {
        "@types/react": "*",
        "react": "^16.8 || ^17.0 || ^18.0 || ^19.0 || ^19.0.0-rc"
      },
      "peerDependenciesMeta": {
        "@types/react": {
          "optional": true
        }
      }
    },
    "node_modules/@radix-ui/react-direction": {
      "version": "1.1.1",
      "license": "MIT",
      "peerDependencies": {
        "@types/react": "*",
        "react": "^16.8 || ^17.0 || ^18.0 || ^19.0 || ^19.0.0-rc"
      },
      "peerDependenciesMeta": {
        "@types/react": {
          "optional": true
        }
      }
    },
    "node_modules/@radix-ui/react-dismissable-layer": {
      "version": "1.1.11",
      "resolved": "https://registry.npmjs.org/@radix-ui/react-dismissable-layer/-/react-dismissable-layer-1.1.11.tgz",
      "integrity": "sha512-Nqcp+t5cTB8BinFkZgXiMJniQH0PsUt2k51FUhbdfeKvc4ACcG2uQniY/8+h1Yv6Kza4Q7lD7PQV0z0oicE0Mg==",
      "license": "MIT",
      "dependencies": {
        "@radix-ui/primitive": "1.1.3",
        "@radix-ui/react-compose-refs": "1.1.2",
        "@radix-ui/react-primitive": "2.1.3",
        "@radix-ui/react-use-callback-ref": "1.1.1",
        "@radix-ui/react-use-escape-keydown": "1.1.1"
      },
      "peerDependencies": {
        "@types/react": "*",
        "@types/react-dom": "*",
        "react": "^16.8 || ^17.0 || ^18.0 || ^19.0 || ^19.0.0-rc",
        "react-dom": "^16.8 || ^17.0 || ^18.0 || ^19.0 || ^19.0.0-rc"
      },
      "peerDependenciesMeta": {
        "@types/react": {
          "optional": true
        },
        "@types/react-dom": {
          "optional": true
        }
      }
    },
    "node_modules/@radix-ui/react-id": {
      "version": "1.1.1",
      "license": "MIT",
      "dependencies": {
        "@radix-ui/react-use-layout-effect": "1.1.1"
      },
      "peerDependencies": {
        "@types/react": "*",
        "react": "^16.8 || ^17.0 || ^18.0 || ^19.0 || ^19.0.0-rc"
      },
      "peerDependenciesMeta": {
        "@types/react": {
          "optional": true
        }
      }
    },
    "node_modules/@radix-ui/react-navigation-menu": {
      "version": "1.2.14",
      "resolved": "https://registry.npmjs.org/@radix-ui/react-navigation-menu/-/react-navigation-menu-1.2.14.tgz",
      "integrity": "sha512-YB9mTFQvCOAQMHU+C/jVl96WmuWeltyUEpRJJky51huhds5W2FQr1J8D/16sQlf0ozxkPK8uF3niQMdUwZPv5w==",
      "license": "MIT",
      "dependencies": {
        "@radix-ui/primitive": "1.1.3",
        "@radix-ui/react-collection": "1.1.7",
        "@radix-ui/react-compose-refs": "1.1.2",
        "@radix-ui/react-context": "1.1.2",
        "@radix-ui/react-direction": "1.1.1",
        "@radix-ui/react-dismissable-layer": "1.1.11",
        "@radix-ui/react-id": "1.1.1",
        "@radix-ui/react-presence": "1.1.5",
        "@radix-ui/react-primitive": "2.1.3",
        "@radix-ui/react-use-callback-ref": "1.1.1",
        "@radix-ui/react-use-controllable-state": "1.2.2",
        "@radix-ui/react-use-layout-effect": "1.1.1",
        "@radix-ui/react-use-previous": "1.1.1",
        "@radix-ui/react-visually-hidden": "1.2.3"
      },
      "peerDependencies": {
        "@types/react": "*",
        "@types/react-dom": "*",
        "react": "^16.8 || ^17.0 || ^18.0 || ^19.0 || ^19.0.0-rc",
        "react-dom": "^16.8 || ^17.0 || ^18.0 || ^19.0 || ^19.0.0-rc"
      },
      "peerDependenciesMeta": {
        "@types/react": {
          "optional": true
        },
        "@types/react-dom": {
          "optional": true
        }
      }
    },
    "node_modules/@radix-ui/react-presence": {
      "version": "1.1.5",
      "resolved": "https://registry.npmjs.org/@radix-ui/react-presence/-/react-presence-1.1.5.tgz",
      "integrity": "sha512-/jfEwNDdQVBCNvjkGit4h6pMOzq8bHkopq458dPt2lMjx+eBQUohZNG9A7DtO/O5ukSbxuaNGXMjHicgwy6rQQ==",
      "license": "MIT",
      "dependencies": {
        "@radix-ui/react-compose-refs": "1.1.2",
        "@radix-ui/react-use-layout-effect": "1.1.1"
      },
      "peerDependencies": {
        "@types/react": "*",
        "@types/react-dom": "*",
        "react": "^16.8 || ^17.0 || ^18.0 || ^19.0 || ^19.0.0-rc",
        "react-dom": "^16.8 || ^17.0 || ^18.0 || ^19.0 || ^19.0.0-rc"
      },
      "peerDependenciesMeta": {
        "@types/react": {
          "optional": true
        },
        "@types/react-dom": {
          "optional": true
        }
      }
    },
    "node_modules/@radix-ui/react-primitive": {
      "version": "2.1.3",
      "resolved": "https://registry.npmjs.org/@radix-ui/react-primitive/-/react-primitive-2.1.3.tgz",
      "integrity": "sha512-m9gTwRkhy2lvCPe6QJp4d3G1TYEUHn/FzJUtq9MjH46an1wJU+GdoGC5VLof8RX8Ft/DlpshApkhswDLZzHIcQ==",
      "license": "MIT",
      "dependencies": {
        "@radix-ui/react-slot": "1.2.3"
      },
      "peerDependencies": {
        "@types/react": "*",
        "@types/react-dom": "*",
        "react": "^16.8 || ^17.0 || ^18.0 || ^19.0 || ^19.0.0-rc",
        "react-dom": "^16.8 || ^17.0 || ^18.0 || ^19.0 || ^19.0.0-rc"
      },
      "peerDependenciesMeta": {
        "@types/react": {
          "optional": true
        },
        "@types/react-dom": {
          "optional": true
        }
      }
    },
    "node_modules/@radix-ui/react-slot": {
      "version": "1.2.3",
      "resolved": "https://registry.npmjs.org/@radix-ui/react-slot/-/react-slot-1.2.3.tgz",
      "integrity": "sha512-aeNmHnBxbi2St0au6VBVC7JXFlhLlOnvIIlePNniyUNAClzmtAUEY8/pBiK3iHjufOlwA+c20/8jngo7xcrg8A==",
      "license": "MIT",
      "dependencies": {
        "@radix-ui/react-compose-refs": "1.1.2"
      },
      "peerDependencies": {
        "@types/react": "*",
        "react": "^16.8 || ^17.0 || ^18.0 || ^19.0 || ^19.0.0-rc"
      },
      "peerDependenciesMeta": {
        "@types/react": {
          "optional": true
        }
      }
    },
    "node_modules/@radix-ui/react-use-callback-ref": {
      "version": "1.1.1",
      "resolved": "https://registry.npmjs.org/@radix-ui/react-use-callback-ref/-/react-use-callback-ref-1.1.1.tgz",
      "integrity": "sha512-FkBMwD+qbGQeMu1cOHnuGB6x4yzPjho8ap5WtbEJ26umhgqVXbhekKUQO+hZEL1vU92a3wHwdp0HAcqAUF5iDg==",
      "license": "MIT",
      "peerDependencies": {
        "@types/react": "*",
        "react": "^16.8 || ^17.0 || ^18.0 || ^19.0 || ^19.0.0-rc"
      },
      "peerDependenciesMeta": {
        "@types/react": {
          "optional": true
        }
      }
    },
    "node_modules/@radix-ui/react-use-controllable-state": {
      "version": "1.2.2",
      "license": "MIT",
      "dependencies": {
        "@radix-ui/react-use-effect-event": "0.0.2",
        "@radix-ui/react-use-layout-effect": "1.1.1"
      },
      "peerDependencies": {
        "@types/react": "*",
        "react": "^16.8 || ^17.0 || ^18.0 || ^19.0 || ^19.0.0-rc"
      },
      "peerDependenciesMeta": {
        "@types/react": {
          "optional": true
        }
      }
    },
    "node_modules/@radix-ui/react-use-effect-event": {
      "version": "0.0.2",
      "license": "MIT",
      "dependencies": {
        "@radix-ui/react-use-layout-effect": "1.1.1"
      },
      "peerDependencies": {
        "@types/react": "*",
        "react": "^16.8 || ^17.0 || ^18.0 || ^19.0 || ^19.0.0-rc"
      },
      "peerDependenciesMeta": {
        "@types/react": {
          "optional": true
        }
      }
    },
    "node_modules/@radix-ui/react-use-escape-keydown": {
      "version": "1.1.1",
      "resolved": "https://registry.npmjs.org/@radix-ui/react-use-escape-keydown/-/react-use-escape-keydown-1.1.1.tgz",
      "integrity": "sha512-Il0+boE7w/XebUHyBjroE+DbByORGR9KKmITzbR7MyQ4akpORYP/ZmbhAr0DG7RmmBqoOnZdy2QlvajJ2QA59g==",
      "license": "MIT",
      "dependencies": {
        "@radix-ui/react-use-callback-ref": "1.1.1"
      },
      "peerDependencies": {
        "@types/react": "*",
        "react": "^16.8 || ^17.0 || ^18.0 || ^19.0 || ^19.0.0-rc"
      },
      "peerDependenciesMeta": {
        "@types/react": {
          "optional": true
        }
      }
    },
    "node_modules/@radix-ui/react-use-layout-effect": {
      "version": "1.1.1",
      "license": "MIT",
      "peerDependencies": {
        "@types/react": "*",
        "react": "^16.8 || ^17.0 || ^18.0 || ^19.0 || ^19.0.0-rc"
      },
      "peerDependenciesMeta": {
        "@types/react": {
          "optional": true
        }
      }
    },
    "node_modules/@radix-ui/react-use-previous": {
      "version": "1.1.1",
      "license": "MIT",
      "peerDependencies": {
        "@types/react": "*",
        "react": "^16.8 || ^17.0 || ^18.0 || ^19.0 || ^19.0.0-rc"
      },
      "peerDependenciesMeta": {
        "@types/react": {
          "optional": true
        }
      }
    },
    "node_modules/@radix-ui/react-visually-hidden": {
      "version": "1.2.3",
      "resolved": "https://registry.npmjs.org/@radix-ui/react-visually-hidden/-/react-visually-hidden-1.2.3.tgz",
      "integrity": "sha512-pzJq12tEaaIhqjbzpCuv/OypJY/BPavOofm+dbab+MHLajy277+1lLm6JFcGgF5eskJ6mquGirhXY2GD/8u8Ug==",
      "license": "MIT",
      "dependencies": {
        "@radix-ui/react-primitive": "2.1.3"
      },
      "peerDependencies": {
        "@types/react": "*",
        "@types/react-dom": "*",
        "react": "^16.8 || ^17.0 || ^18.0 || ^19.0 || ^19.0.0-rc",
        "react-dom": "^16.8 || ^17.0 || ^18.0 || ^19.0 || ^19.0.0-rc"
      },
      "peerDependenciesMeta": {
        "@types/react": {
          "optional": true
        },
        "@types/react-dom": {
          "optional": true
        }
      }
    },
    "node_modules/@swc/counter": {
      "version": "0.1.3",
      "license": "Apache-2.0"
    },
    "node_modules/@swc/helpers": {
      "version": "0.5.15",
      "license": "Apache-2.0",
      "dependencies": {
        "tslib": "^2.8.0"
      }
    },
    "node_modules/@tailwindcss/node": {
      "version": "4.1.4",
      "dev": true,
      "license": "MIT",
      "dependencies": {
        "enhanced-resolve": "^5.18.1",
        "jiti": "^2.4.2",
        "lightningcss": "1.29.2",
        "tailwindcss": "4.1.4"
      }
    },
    "node_modules/@tailwindcss/oxide": {
      "version": "4.1.4",
      "dev": true,
      "license": "MIT",
      "engines": {
        "node": ">= 10"
      },
      "optionalDependencies": {
        "@tailwindcss/oxide-android-arm64": "4.1.4",
        "@tailwindcss/oxide-darwin-arm64": "4.1.4",
        "@tailwindcss/oxide-darwin-x64": "4.1.4",
        "@tailwindcss/oxide-freebsd-x64": "4.1.4",
        "@tailwindcss/oxide-linux-arm-gnueabihf": "4.1.4",
        "@tailwindcss/oxide-linux-arm64-gnu": "4.1.4",
        "@tailwindcss/oxide-linux-arm64-musl": "4.1.4",
        "@tailwindcss/oxide-linux-x64-gnu": "4.1.4",
        "@tailwindcss/oxide-linux-x64-musl": "4.1.4",
        "@tailwindcss/oxide-wasm32-wasi": "4.1.4",
        "@tailwindcss/oxide-win32-arm64-msvc": "4.1.4",
        "@tailwindcss/oxide-win32-x64-msvc": "4.1.4"
      }
    },
    "node_modules/@tailwindcss/oxide-darwin-arm64": {
      "version": "4.1.4",
      "cpu": [
        "arm64"
      ],
      "dev": true,
      "license": "MIT",
      "optional": true,
      "os": [
        "darwin"
      ],
      "engines": {
        "node": ">= 10"
      }
    },
    "node_modules/@tailwindcss/postcss": {
      "version": "4.1.4",
      "dev": true,
      "license": "MIT",
      "dependencies": {
        "@alloc/quick-lru": "^5.2.0",
        "@tailwindcss/node": "4.1.4",
        "@tailwindcss/oxide": "4.1.4",
        "postcss": "^8.4.41",
        "tailwindcss": "4.1.4"
      }
    },
    "node_modules/@types/node": {
      "version": "20.17.30",
      "dev": true,
      "license": "MIT",
      "dependencies": {
        "undici-types": "~6.19.2"
      }
    },
    "node_modules/@types/react": {
      "version": "19.1.2",
      "devOptional": true,
      "license": "MIT",
      "dependencies": {
        "csstype": "^3.0.2"
      }
    },
    "node_modules/@types/react-dom": {
      "version": "19.1.2",
      "devOptional": true,
      "license": "MIT",
      "peerDependencies": {
        "@types/react": "^19.0.0"
      }
    },
    "node_modules/asynckit": {
      "version": "0.4.0",
      "license": "MIT"
    },
    "node_modules/axios": {
      "version": "1.9.0",
      "license": "MIT",
      "dependencies": {
        "follow-redirects": "^1.15.6",
        "form-data": "^4.0.0",
        "proxy-from-env": "^1.1.0"
      }
    },
    "node_modules/busboy": {
      "version": "1.6.0",
      "dependencies": {
        "streamsearch": "^1.1.0"
      },
      "engines": {
        "node": ">=10.16.0"
      }
    },
    "node_modules/call-bind-apply-helpers": {
      "version": "1.0.2",
      "license": "MIT",
      "dependencies": {
        "es-errors": "^1.3.0",
        "function-bind": "^1.1.2"
      },
      "engines": {
        "node": ">= 0.4"
      }
    },
    "node_modules/caniuse-lite": {
      "version": "1.0.30001715",
      "funding": [
        {
          "type": "opencollective",
          "url": "https://opencollective.com/browserslist"
        },
        {
          "type": "tidelift",
          "url": "https://tidelift.com/funding/github/npm/caniuse-lite"
        },
        {
          "type": "github",
          "url": "https://github.com/sponsors/ai"
        }
      ],
      "license": "CC-BY-4.0"
    },
    "node_modules/class-variance-authority": {
      "version": "0.7.1",
      "license": "Apache-2.0",
      "dependencies": {
        "clsx": "^2.1.1"
      },
      "funding": {
        "url": "https://polar.sh/cva"
      }
    },
    "node_modules/client-only": {
      "version": "0.0.1",
      "license": "MIT"
    },
    "node_modules/clsx": {
      "version": "2.1.1",
      "license": "MIT",
      "engines": {
        "node": ">=6"
      }
    },
    "node_modules/color": {
      "version": "4.2.3",
      "license": "MIT",
      "optional": true,
      "dependencies": {
        "color-convert": "^2.0.1",
        "color-string": "^1.9.0"
      },
      "engines": {
        "node": ">=12.5.0"
      }
    },
    "node_modules/color-convert": {
      "version": "2.0.1",
      "license": "MIT",
      "optional": true,
      "dependencies": {
        "color-name": "~1.1.4"
      },
      "engines": {
        "node": ">=7.0.0"
      }
    },
    "node_modules/color-name": {
      "version": "1.1.4",
      "license": "MIT",
      "optional": true
    },
    "node_modules/color-string": {
      "version": "1.9.1",
      "license": "MIT",
      "optional": true,
      "dependencies": {
        "color-name": "^1.0.0",
        "simple-swizzle": "^0.2.2"
      }
    },
    "node_modules/combined-stream": {
      "version": "1.0.8",
      "license": "MIT",
      "dependencies": {
        "delayed-stream": "~1.0.0"
      },
      "engines": {
        "node": ">= 0.8"
      }
    },
    "node_modules/csstype": {
      "version": "3.1.3",
      "devOptional": true,
      "license": "MIT"
    },
    "node_modules/delayed-stream": {
      "version": "1.0.0",
      "license": "MIT",
      "engines": {
        "node": ">=0.4.0"
      }
    },
    "node_modules/detect-libc": {
      "version": "2.0.4",
      "devOptional": true,
      "license": "Apache-2.0",
      "engines": {
        "node": ">=8"
      }
    },
    "node_modules/dunder-proto": {
      "version": "1.0.1",
      "license": "MIT",
      "dependencies": {
        "call-bind-apply-helpers": "^1.0.1",
        "es-errors": "^1.3.0",
        "gopd": "^1.2.0"
      },
      "engines": {
        "node": ">= 0.4"
      }
    },
    "node_modules/enhanced-resolve": {
      "version": "5.18.1",
      "dev": true,
      "license": "MIT",
      "dependencies": {
        "graceful-fs": "^4.2.4",
        "tapable": "^2.2.0"
      },
      "engines": {
        "node": ">=10.13.0"
      }
    },
    "node_modules/es-define-property": {
      "version": "1.0.1",
      "license": "MIT",
      "engines": {
        "node": ">= 0.4"
      }
    },
    "node_modules/es-errors": {
      "version": "1.3.0",
      "license": "MIT",
      "engines": {
        "node": ">= 0.4"
      }
    },
    "node_modules/es-object-atoms": {
      "version": "1.1.1",
      "license": "MIT",
      "dependencies": {
        "es-errors": "^1.3.0"
      },
      "engines": {
        "node": ">= 0.4"
      }
    },
    "node_modules/es-set-tostringtag": {
      "version": "2.1.0",
      "license": "MIT",
      "dependencies": {
        "es-errors": "^1.3.0",
        "get-intrinsic": "^1.2.6",
        "has-tostringtag": "^1.0.2",
        "hasown": "^2.0.2"
      },
      "engines": {
        "node": ">= 0.4"
      }
    },
    "node_modules/follow-redirects": {
      "version": "1.15.9",
      "funding": [
        {
          "type": "individual",
          "url": "https://github.com/sponsors/RubenVerborgh"
        }
      ],
      "license": "MIT",
      "engines": {
        "node": ">=4.0"
      },
      "peerDependenciesMeta": {
        "debug": {
          "optional": true
        }
      }
    },
    "node_modules/form-data": {
      "version": "4.0.2",
      "license": "MIT",
      "dependencies": {
        "asynckit": "^0.4.0",
        "combined-stream": "^1.0.8",
        "es-set-tostringtag": "^2.1.0",
        "mime-types": "^2.1.12"
      },
      "engines": {
        "node": ">= 6"
      }
    },
    "node_modules/framer-motion": {
      "version": "12.9.1",
      "license": "MIT",
      "dependencies": {
        "motion-dom": "^12.9.1",
        "motion-utils": "^12.8.3",
        "tslib": "^2.4.0"
      },
      "peerDependencies": {
        "@emotion/is-prop-valid": "*",
        "react": "^18.0.0 || ^19.0.0",
        "react-dom": "^18.0.0 || ^19.0.0"
      },
      "peerDependenciesMeta": {
        "@emotion/is-prop-valid": {
          "optional": true
        },
        "react": {
          "optional": true
        },
        "react-dom": {
          "optional": true
        }
      }
    },
    "node_modules/function-bind": {
      "version": "1.1.2",
      "license": "MIT",
      "funding": {
        "url": "https://github.com/sponsors/ljharb"
      }
    },
    "node_modules/get-intrinsic": {
      "version": "1.3.0",
      "license": "MIT",
      "dependencies": {
        "call-bind-apply-helpers": "^1.0.2",
        "es-define-property": "^1.0.1",
        "es-errors": "^1.3.0",
        "es-object-atoms": "^1.1.1",
        "function-bind": "^1.1.2",
        "get-proto": "^1.0.1",
        "gopd": "^1.2.0",
        "has-symbols": "^1.1.0",
        "hasown": "^2.0.2",
        "math-intrinsics": "^1.1.0"
      },
      "engines": {
        "node": ">= 0.4"
      },
      "funding": {
        "url": "https://github.com/sponsors/ljharb"
      }
    },
    "node_modules/get-proto": {
      "version": "1.0.1",
      "license": "MIT",
      "dependencies": {
        "dunder-proto": "^1.0.1",
        "es-object-atoms": "^1.0.0"
      },
      "engines": {
        "node": ">= 0.4"
      }
    },
    "node_modules/gopd": {
      "version": "1.2.0",
      "license": "MIT",
      "engines": {
        "node": ">= 0.4"
      },
      "funding": {
        "url": "https://github.com/sponsors/ljharb"
      }
    },
    "node_modules/graceful-fs": {
      "version": "4.2.11",
      "dev": true,
      "license": "ISC"
    },
    "node_modules/has-symbols": {
      "version": "1.1.0",
      "license": "MIT",
      "engines": {
        "node": ">= 0.4"
      },
      "funding": {
        "url": "https://github.com/sponsors/ljharb"
      }
    },
    "node_modules/has-tostringtag": {
      "version": "1.0.2",
      "license": "MIT",
      "dependencies": {
        "has-symbols": "^1.0.3"
      },
      "engines": {
        "node": ">= 0.4"
      },
      "funding": {
        "url": "https://github.com/sponsors/ljharb"
      }
    },
    "node_modules/hasown": {
      "version": "2.0.2",
      "license": "MIT",
      "dependencies": {
        "function-bind": "^1.1.2"
      },
      "engines": {
        "node": ">= 0.4"
      }
    },
    "node_modules/is-arrayish": {
      "version": "0.3.2",
      "license": "MIT",
      "optional": true
    },
    "node_modules/jiti": {
      "version": "2.4.2",
      "dev": true,
      "license": "MIT",
      "bin": {
        "jiti": "lib/jiti-cli.mjs"
      }
    },
    "node_modules/jwt-decode": {
      "version": "4.0.0",
      "license": "MIT",
      "engines": {
        "node": ">=18"
      }
    },
    "node_modules/lightningcss": {
      "version": "1.29.2",
      "dev": true,
      "license": "MPL-2.0",
      "dependencies": {
        "detect-libc": "^2.0.3"
      },
      "engines": {
        "node": ">= 12.0.0"
      },
      "funding": {
        "type": "opencollective",
        "url": "https://opencollective.com/parcel"
      },
      "optionalDependencies": {
        "lightningcss-darwin-arm64": "1.29.2",
        "lightningcss-darwin-x64": "1.29.2",
        "lightningcss-freebsd-x64": "1.29.2",
        "lightningcss-linux-arm-gnueabihf": "1.29.2",
        "lightningcss-linux-arm64-gnu": "1.29.2",
        "lightningcss-linux-arm64-musl": "1.29.2",
        "lightningcss-linux-x64-gnu": "1.29.2",
        "lightningcss-linux-x64-musl": "1.29.2",
        "lightningcss-win32-arm64-msvc": "1.29.2",
        "lightningcss-win32-x64-msvc": "1.29.2"
      }
    },
    "node_modules/lightningcss-darwin-arm64": {
      "version": "1.29.2",
      "cpu": [
        "arm64"
      ],
      "dev": true,
      "license": "MPL-2.0",
      "optional": true,
      "os": [
        "darwin"
      ],
      "engines": {
        "node": ">= 12.0.0"
      },
      "funding": {
        "type": "opencollective",
        "url": "https://opencollective.com/parcel"
      }
    },
    "node_modules/lucide-react": {
      "version": "0.503.0",
      "license": "ISC",
      "peerDependencies": {
        "react": "^16.5.1 || ^17.0.0 || ^18.0.0 || ^19.0.0"
      }
    },
    "node_modules/math-intrinsics": {
      "version": "1.1.0",
      "license": "MIT",
      "engines": {
        "node": ">= 0.4"
      }
    },
    "node_modules/mime-db": {
      "version": "1.52.0",
      "license": "MIT",
      "engines": {
        "node": ">= 0.6"
      }
    },
    "node_modules/mime-types": {
      "version": "2.1.35",
      "license": "MIT",
      "dependencies": {
        "mime-db": "1.52.0"
      },
      "engines": {
        "node": ">= 0.6"
      }
    },
    "node_modules/motion-dom": {
      "version": "12.9.1",
      "license": "MIT",
      "dependencies": {
        "motion-utils": "^12.8.3"
      }
    },
    "node_modules/motion-utils": {
      "version": "12.8.3",
      "license": "MIT"
    },
    "node_modules/nanoid": {
      "version": "3.3.11",
      "funding": [
        {
          "type": "github",
          "url": "https://github.com/sponsors/ai"
        }
      ],
      "license": "MIT",
      "bin": {
        "nanoid": "bin/nanoid.cjs"
      },
      "engines": {
        "node": "^10 || ^12 || ^13.7 || ^14 || >=15.0.1"
      }
    },
    "node_modules/next": {
      "version": "15.3.1",
      "license": "MIT",
      "dependencies": {
        "@next/env": "15.3.1",
        "@swc/counter": "0.1.3",
        "@swc/helpers": "0.5.15",
        "busboy": "1.6.0",
        "caniuse-lite": "^1.0.30001579",
        "postcss": "8.4.31",
        "styled-jsx": "5.1.6"
      },
      "bin": {
        "next": "dist/bin/next"
      },
      "engines": {
        "node": "^18.18.0 || ^19.8.0 || >= 20.0.0"
      },
      "optionalDependencies": {
        "@next/swc-darwin-arm64": "15.3.1",
        "@next/swc-darwin-x64": "15.3.1",
        "@next/swc-linux-arm64-gnu": "15.3.1",
        "@next/swc-linux-arm64-musl": "15.3.1",
        "@next/swc-linux-x64-gnu": "15.3.1",
        "@next/swc-linux-x64-musl": "15.3.1",
        "@next/swc-win32-arm64-msvc": "15.3.1",
        "@next/swc-win32-x64-msvc": "15.3.1",
        "sharp": "^0.34.1"
      },
      "peerDependencies": {
        "@opentelemetry/api": "^1.1.0",
        "@playwright/test": "^1.41.2",
        "babel-plugin-react-compiler": "*",
        "react": "^18.2.0 || 19.0.0-rc-de68d2f4-20241204 || ^19.0.0",
        "react-dom": "^18.2.0 || 19.0.0-rc-de68d2f4-20241204 || ^19.0.0",
        "sass": "^1.3.0"
      },
      "peerDependenciesMeta": {
        "@opentelemetry/api": {
          "optional": true
        },
        "@playwright/test": {
          "optional": true
        },
        "babel-plugin-react-compiler": {
          "optional": true
        },
        "sass": {
          "optional": true
        }
      }
    },
    "node_modules/next/node_modules/postcss": {
      "version": "8.4.31",
      "funding": [
        {
          "type": "opencollective",
          "url": "https://opencollective.com/postcss/"
        },
        {
          "type": "tidelift",
          "url": "https://tidelift.com/funding/github/npm/postcss"
        },
        {
          "type": "github",
          "url": "https://github.com/sponsors/ai"
        }
      ],
      "license": "MIT",
      "dependencies": {
        "nanoid": "^3.3.6",
        "picocolors": "^1.0.0",
        "source-map-js": "^1.0.2"
      },
      "engines": {
        "node": "^10 || ^12 || >=14"
      }
    },
    "node_modules/picocolors": {
      "version": "1.1.1",
      "license": "ISC"
    },
    "node_modules/postcss": {
      "version": "8.5.3",
      "dev": true,
      "funding": [
        {
          "type": "opencollective",
          "url": "https://opencollective.com/postcss/"
        },
        {
          "type": "tidelift",
          "url": "https://tidelift.com/funding/github/npm/postcss"
        },
        {
          "type": "github",
          "url": "https://github.com/sponsors/ai"
        }
      ],
      "license": "MIT",
      "dependencies": {
        "nanoid": "^3.3.8",
        "picocolors": "^1.1.1",
        "source-map-js": "^1.2.1"
      },
      "engines": {
        "node": "^10 || ^12 || >=14"
      }
    },
    "node_modules/proxy-from-env": {
      "version": "1.1.0",
      "license": "MIT"
    },
    "node_modules/react": {
      "version": "19.1.0",
      "license": "MIT",
      "engines": {
        "node": ">=0.10.0"
      }
    },
    "node_modules/react-dom": {
      "version": "19.1.0",
      "license": "MIT",
      "dependencies": {
        "scheduler": "^0.26.0"
      },
      "peerDependencies": {
        "react": "^19.1.0"
      }
    },
    "node_modules/scheduler": {
      "version": "0.26.0",
      "license": "MIT"
    },
    "node_modules/semver": {
      "version": "7.7.1",
      "license": "ISC",
      "optional": true,
      "bin": {
        "semver": "bin/semver.js"
      },
      "engines": {
        "node": ">=10"
      }
    },
    "node_modules/sharp": {
      "version": "0.34.1",
      "hasInstallScript": true,
      "license": "Apache-2.0",
      "optional": true,
      "dependencies": {
        "color": "^4.2.3",
        "detect-libc": "^2.0.3",
        "semver": "^7.7.1"
      },
      "engines": {
        "node": "^18.17.0 || ^20.3.0 || >=21.0.0"
      },
      "funding": {
        "url": "https://opencollective.com/libvips"
      },
      "optionalDependencies": {
        "@img/sharp-darwin-arm64": "0.34.1",
        "@img/sharp-darwin-x64": "0.34.1",
        "@img/sharp-libvips-darwin-arm64": "1.1.0",
        "@img/sharp-libvips-darwin-x64": "1.1.0",
        "@img/sharp-libvips-linux-arm": "1.1.0",
        "@img/sharp-libvips-linux-arm64": "1.1.0",
        "@img/sharp-libvips-linux-ppc64": "1.1.0",
        "@img/sharp-libvips-linux-s390x": "1.1.0",
        "@img/sharp-libvips-linux-x64": "1.1.0",
        "@img/sharp-libvips-linuxmusl-arm64": "1.1.0",
        "@img/sharp-libvips-linuxmusl-x64": "1.1.0",
        "@img/sharp-linux-arm": "0.34.1",
        "@img/sharp-linux-arm64": "0.34.1",
        "@img/sharp-linux-s390x": "0.34.1",
        "@img/sharp-linux-x64": "0.34.1",
        "@img/sharp-linuxmusl-arm64": "0.34.1",
        "@img/sharp-linuxmusl-x64": "0.34.1",
        "@img/sharp-wasm32": "0.34.1",
        "@img/sharp-win32-ia32": "0.34.1",
        "@img/sharp-win32-x64": "0.34.1"
      }
    },
    "node_modules/simple-swizzle": {
      "version": "0.2.2",
      "license": "MIT",
      "optional": true,
      "dependencies": {
        "is-arrayish": "^0.3.1"
      }
    },
    "node_modules/sonner": {
      "version": "2.0.3",
      "license": "MIT",
      "peerDependencies": {
        "react": "^18.0.0 || ^19.0.0 || ^19.0.0-rc",
        "react-dom": "^18.0.0 || ^19.0.0 || ^19.0.0-rc"
      }
    },
    "node_modules/source-map-js": {
      "version": "1.2.1",
      "license": "BSD-3-Clause",
      "engines": {
        "node": ">=0.10.0"
      }
    },
    "node_modules/streamsearch": {
      "version": "1.1.0",
      "engines": {
        "node": ">=10.0.0"
      }
    },
    "node_modules/styled-jsx": {
      "version": "5.1.6",
      "license": "MIT",
      "dependencies": {
        "client-only": "0.0.1"
      },
      "engines": {
        "node": ">= 12.0.0"
      },
      "peerDependencies": {
        "react": ">= 16.8.0 || 17.x.x || ^18.0.0-0 || ^19.0.0-0"
      },
      "peerDependenciesMeta": {
        "@babel/core": {
          "optional": true
        },
        "babel-plugin-macros": {
          "optional": true
        }
      }
    },
    "node_modules/tailwind-merge": {
      "version": "3.2.0",
      "license": "MIT",
      "funding": {
        "type": "github",
        "url": "https://github.com/sponsors/dcastil"
      }
    },
    "node_modules/tailwindcss": {
      "version": "4.1.4",
      "dev": true,
      "license": "MIT"
    },
    "node_modules/tapable": {
      "version": "2.2.1",
      "dev": true,
      "license": "MIT",
      "engines": {
        "node": ">=6"
      }
    },
    "node_modules/tslib": {
      "version": "2.8.1",
      "license": "0BSD"
    },
    "node_modules/tw-animate-css": {
      "version": "1.2.8",
      "dev": true,
      "license": "MIT",
      "funding": {
        "url": "https://github.com/sponsors/Wombosvideo"
      }
    },
    "node_modules/typescript": {
      "version": "5.8.3",
      "dev": true,
      "license": "Apache-2.0",
      "bin": {
        "tsc": "bin/tsc",
        "tsserver": "bin/tsserver"
      },
      "engines": {
        "node": ">=14.17"
      }
    },
    "node_modules/undici-types": {
      "version": "6.19.8",
      "dev": true,
      "license": "MIT"
    },
    "node_modules/@next/swc-darwin-x64": {
      "version": "15.3.1",
      "resolved": "https://registry.npmjs.org/@next/swc-darwin-x64/-/swc-darwin-x64-15.3.1.tgz",
      "integrity": "sha512-q+aw+cJ2ooVYdCEqZVk+T4Ni10jF6Fo5DfpEV51OupMaV5XL6pf3GCzrk6kSSZBsMKZtVC1Zm/xaNBFpA6bJ2g==",
      "cpu": [
        "x64"
      ],
      "optional": true,
      "os": [
        "darwin"
      ],
      "engines": {
        "node": ">= 10"
      }
    },
    "node_modules/@next/swc-linux-arm64-gnu": {
      "version": "15.3.1",
      "resolved": "https://registry.npmjs.org/@next/swc-linux-arm64-gnu/-/swc-linux-arm64-gnu-15.3.1.tgz",
      "integrity": "sha512-wBQ+jGUI3N0QZyWmmvRHjXjTWFy8o+zPFLSOyAyGFI94oJi+kK/LIZFJXeykvgXUk1NLDAEFDZw/NVINhdk9FQ==",
      "cpu": [
        "arm64"
      ],
      "optional": true,
      "os": [
        "linux"
      ],
      "engines": {
        "node": ">= 10"
      }
    },
    "node_modules/@next/swc-linux-arm64-musl": {
      "version": "15.3.1",
      "resolved": "https://registry.npmjs.org/@next/swc-linux-arm64-musl/-/swc-linux-arm64-musl-15.3.1.tgz",
      "integrity": "sha512-IIxXEXRti/AulO9lWRHiCpUUR8AR/ZYLPALgiIg/9ENzMzLn3l0NSxVdva7R/VDcuSEBo0eGVCe3evSIHNz0Hg==",
      "cpu": [
        "arm64"
      ],
      "optional": true,
      "os": [
        "linux"
      ],
      "engines": {
        "node": ">= 10"
      }
    },
    "node_modules/@next/swc-linux-x64-gnu": {
      "version": "15.3.1",
      "resolved": "https://registry.npmjs.org/@next/swc-linux-x64-gnu/-/swc-linux-x64-gnu-15.3.1.tgz",
      "integrity": "sha512-bfI4AMhySJbyXQIKH5rmLJ5/BP7bPwuxauTvVEiJ/ADoddaA9fgyNNCcsbu9SlqfHDoZmfI6g2EjzLwbsVTr5A==",
      "cpu": [
        "x64"
      ],
      "optional": true,
      "os": [
        "linux"
      ],
      "engines": {
        "node": ">= 10"
      }
    },
    "node_modules/@next/swc-linux-x64-musl": {
      "version": "15.3.1",
      "resolved": "https://registry.npmjs.org/@next/swc-linux-x64-musl/-/swc-linux-x64-musl-15.3.1.tgz",
      "integrity": "sha512-FeAbR7FYMWR+Z+M5iSGytVryKHiAsc0x3Nc3J+FD5NVbD5Mqz7fTSy8CYliXinn7T26nDMbpExRUI/4ekTvoiA==",
      "cpu": [
        "x64"
      ],
      "optional": true,
      "os": [
        "linux"
      ],
      "engines": {
        "node": ">= 10"
      }
    },
    "node_modules/@next/swc-win32-arm64-msvc": {
      "version": "15.3.1",
      "resolved": "https://registry.npmjs.org/@next/swc-win32-arm64-msvc/-/swc-win32-arm64-msvc-15.3.1.tgz",
      "integrity": "sha512-yP7FueWjphQEPpJQ2oKmshk/ppOt+0/bB8JC8svPUZNy0Pi3KbPx2Llkzv1p8CoQa+D2wknINlJpHf3vtChVBw==",
      "cpu": [
        "arm64"
      ],
      "optional": true,
      "os": [
        "win32"
      ],
      "engines": {
        "node": ">= 10"
      }
    },
    "node_modules/@next/swc-win32-x64-msvc": {
      "version": "15.3.1",
      "resolved": "https://registry.npmjs.org/@next/swc-win32-x64-msvc/-/swc-win32-x64-msvc-15.3.1.tgz",
      "integrity": "sha512-3PMvF2zRJAifcRNni9uMk/gulWfWS+qVI/pagd+4yLF5bcXPZPPH2xlYRYOsUjmCJOXSTAC2PjRzbhsRzR2fDQ==",
      "cpu": [
        "x64"
      ],
      "optional": true,
      "os": [
        "win32"
      ],
      "engines": {
        "node": ">= 10"
      }
    }
  }
}
